
Microsoft Visual Studio Solution File, Format Version 12.00
# Visual Studio Version 17
VisualStudioVersion = 17.0.31903.59
MinimumVisualStudioVersion = 10.0.40219.1
Project("{FAE04EC0-301F-11D3-BF4B-00C04F79EFBC}") = "Antlr4Generation", "Antlr4Generation\Antlr4Generation.csproj", "{CD0B1AC8-9BC5-402D-ACD1-62DA4582BAEC}"
EndProject
Project("{FAE04EC0-301F-11D3-BF4B-00C04F79EFBC}") = "Prime", "Primell\Prime.csproj", "{F5CE8364-255D-4C4E-B26C-B977B7B8573A}"
EndProject
Global
	GlobalSection(SolutionConfigurationPlatforms) = preSolution
		Debug|Any CPU = Debug|Any CPU
		Release|Any CPU = Release|Any CPU
	EndGlobalSection
	GlobalSection(SolutionProperties) = preSolution
		HideSolutionNode = FALSE
	EndGlobalSection
	GlobalSection(ProjectConfigurationPlatforms) = postSolution
		{CD0B1AC8-9BC5-402D-ACD1-62DA4582BAEC}.Debug|Any CPU.ActiveCfg = Debug|Any CPU
		{CD0B1AC8-9BC5-402D-ACD1-62DA4582BAEC}.Debug|Any CPU.Build.0 = Debug|Any CPU
		{CD0B1AC8-9BC5-402D-ACD1-62DA4582BAEC}.Release|Any CPU.ActiveCfg = Release|Any CPU
		{CD0B1AC8-9BC5-402D-ACD1-62DA4582BAEC}.Release|Any CPU.Build.0 = Release|Any CPU
		{F5CE8364-255D-4C4E-B26C-B977B7B8573A}.Debug|Any CPU.ActiveCfg = Debug|Any CPU
		{F5CE8364-255D-4C4E-B26C-B977B7B8573A}.Debug|Any CPU.Build.0 = Debug|Any CPU
		{F5CE8364-255D-4C4E-B26C-B977B7B8573A}.Release|Any CPU.ActiveCfg = Release|Any CPU
		{F5CE8364-255D-4C4E-B26C-B977B7B8573A}.Release|Any CPU.Build.0 = Release|Any CPU
	EndGlobalSection
EndGlobal
